{
  "name": "anylogger-tutorial",
  "version": "0.2.0",
  "lockfileVersion": 1,
  "requires": true,
  "dependencies": {
    "anylogger": {
      "version": "0.11.0",
      "resolved": "https://registry.npmjs.org/anylogger/-/anylogger-0.11.0.tgz",
      "integrity": "sha512-jbkao5EtDyEpHRtUDEH27bG/69tOGATRpss8VQvaRYuEB99kmh3rrzKhzp4aKhqDuVzy3wSOKgZvUSPyYbOsYQ=="
    },
    "anylogger-debug": {
      "version": "0.4.0",
      "resolved": "https://registry.npmjs.org/anylogger-debug/-/anylogger-debug-0.4.0.tgz",
      "integrity": "sha512-aTssiSRD4Qr5wrZngBbYUFhfrUiRkAJdg5drFClbTE3YBjdJ3g5ZZae8gHSz1TJMt6+6BWJxrMeIEhSHMEZBnQ==",
      "requires": {
        "anylogger": "^0.11.0",
        "debug": "^4.1.1"
      }
    },
    "debug": {
      "version": "4.1.1",
      "resolved": "https://registry.npmjs.org/debug/-/debug-4.1.1.tgz",
      "integrity": "sha512-pYAIzeRo8J6KPEaJ0VWOh5Pzkbw/RetuzehGM7QRRX5he4fPHx2rdKMB256ehJCkX+XRQm16eZLqLNS8RSZXZw==",
      "requires": {
        "ms": "^2.1.1"
      }
    },
    "ms": {
      "version": "2.1.1",
      "resolved": "https://registry.npmjs.org/ms/-/ms-2.1.1.tgz",
      "integrity": "sha512-tgp+dl5cGk28utYktBsrFqA7HKgrhgPsg6Z/EfhWI4gl1Hwq8B/GmY/0oXZ6nF8hDVesS/FpnYaD/kOWhYQvyg=="
    }
  }
}
